
Microsoft Visual Studio Solution File, Format Version 12.00
# Visual Studio Version 17
VisualStudioVersion = 17.9.34701.34
MinimumVisualStudioVersion = 10.0.40219.1
Project("{FAE04EC0-301F-11D3-BF4B-00C04F79EFBC}") = "Maktab104-Log", "Maktab104-Log\Maktab104-Log.csproj", "{71E95F83-7F57-4A8A-9BBE-6AC270624301}"
EndProject
Global
	GlobalSection(SolutionConfigurationPlatforms) = preSolution
		Debug|Any CPU = Debug|Any CPU
		Release|Any CPU = Release|Any CPU
	EndGlobalSection
	GlobalSection(ProjectConfigurationPlatforms) = postSolution
		{71E95F83-7F57-4A8A-9BBE-6AC270624301}.Debug|Any CPU.ActiveCfg = Debug|Any CPU
		{71E95F83-7F57-4A8A-9BBE-6AC270624301}.Debug|Any CPU.Build.0 = Debug|Any CPU
		{71E95F83-7F57-4A8A-9BBE-6AC270624301}.Release|Any CPU.ActiveCfg = Release|Any CPU
		{71E95F83-7F57-4A8A-9BBE-6AC270624301}.Release|Any CPU.Build.0 = Release|Any CPU
	EndGlobalSection
	GlobalSection(SolutionProperties) = preSolution
		HideSolutionNode = FALSE
	EndGlobalSection
	GlobalSection(ExtensibilityGlobals) = postSolution
		SolutionGuid = {5D3F5AB6-404E-473A-B297-798AFDD1171F}
	EndGlobalSection
EndGlobal
